
Microsoft Visual Studio Solution File, Format Version 12.00
# Visual Studio Version 17
VisualStudioVersion = 17.8.34330.188
MinimumVisualStudioVersion = 10.0.40219.1
Project("{9A19103F-16F7-4668-BE54-9A1E7A4F7556}") = "MyGameServer", "MyGameServer.csproj", "{6228D07C-8A65-465B-BAD6-373FA8FA00AA}"
EndProject
Global
	GlobalSection(SolutionConfigurationPlatforms) = preSolution
		Debug|Any CPU = Debug|Any CPU
		Release|Any CPU = Release|Any CPU
	EndGlobalSection
	GlobalSection(ProjectConfigurationPlatforms) = postSolution
		{6228D07C-8A65-465B-BAD6-373FA8FA00AA}.Debug|Any CPU.ActiveCfg = Debug|Any CPU
		{6228D07C-8A65-465B-BAD6-373FA8FA00AA}.Debug|Any CPU.Build.0 = Debug|Any CPU
		{6228D07C-8A65-465B-BAD6-373FA8FA00AA}.Release|Any CPU.ActiveCfg = Release|Any CPU
		{6228D07C-8A65-465B-BAD6-373FA8FA00AA}.Release|Any CPU.Build.0 = Release|Any CPU
	EndGlobalSection
	GlobalSection(SolutionProperties) = preSolution
		HideSolutionNode = FALSE
	EndGlobalSection
	GlobalSection(ExtensibilityGlobals) = postSolution
		SolutionGuid = {AB465271-7D5A-42EB-8FB9-FB2684719DA9}
	EndGlobalSection
EndGlobal
